// !$*UTF8*$!
{
	archiveVersion = 1;
	classes = {
	};
	objectVersion = 55;
	objects = {

/* Begin PBXBuildFile section */
		281CE700292B85A000D64F42 /* MatchesFashionTestApp.swift in Sources */ = {isa = PBXBuildFile; fileRef = 281CE6FF292B85A000D64F42 /* MatchesFashionTestApp.swift */; };
		281CE702292B85A000D64F42 /* ProductsView.swift in Sources */ = {isa = PBXBuildFile; fileRef = 281CE701292B85A000D64F42 /* ProductsView.swift */; };
		281CE704292B85A200D64F42 /* Assets.xcassets in Resources */ = {isa = PBXBuildFile; fileRef = 281CE703292B85A200D64F42 /* Assets.xcassets */; };
		281CE707292B85A200D64F42 /* Preview Assets.xcassets in Resources */ = {isa = PBXBuildFile; fileRef = 281CE706292B85A200D64F42 /* Preview Assets.xcassets */; };
		281CE711292B85A200D64F42 /* MatchesFashionTestJSONTests.swift in Sources */ = {isa = PBXBuildFile; fileRef = 281CE710292B85A200D64F42 /* MatchesFashionTestJSONTests.swift */; };
		281CE71B292B85A200D64F42 /* MatchesFashionTestUITests.swift in Sources */ = {isa = PBXBuildFile; fileRef = 281CE71A292B85A200D64F42 /* MatchesFashionTestUITests.swift */; };
		281CE71D292B85A200D64F42 /* MatchesFashionTestUITestsLaunchTests.swift in Sources */ = {isa = PBXBuildFile; fileRef = 281CE71C292B85A200D64F42 /* MatchesFashionTestUITestsLaunchTests.swift */; };
		281CE72A292B85C700D64F42 /* Networking.swift in Sources */ = {isa = PBXBuildFile; fileRef = 281CE729292B85C600D64F42 /* Networking.swift */; };
		281CE72C292B874C00D64F42 /* NetworkingDataProcessor.swift in Sources */ = {isa = PBXBuildFile; fileRef = 281CE72B292B874C00D64F42 /* NetworkingDataProcessor.swift */; };
		281CE72F292B8A5600D64F42 /* Product.swift in Sources */ = {isa = PBXBuildFile; fileRef = 281CE72E292B8A5600D64F42 /* Product.swift */; };
		281CE731292B8B3F00D64F42 /* TestData.swift in Sources */ = {isa = PBXBuildFile; fileRef = 281CE730292B8B3F00D64F42 /* TestData.swift */; };
		28B733F9292C0B3100A4BEDC /* ProductsViewModel.swift in Sources */ = {isa = PBXBuildFile; fileRef = 28B733F8292C0B3100A4BEDC /* ProductsViewModel.swift */; };
		28B733FB292C255500A4BEDC /* ProductDetailView.swift in Sources */ = {isa = PBXBuildFile; fileRef = 28B733FA292C255500A4BEDC /* ProductDetailView.swift */; };
		28B733FD292C260D00A4BEDC /* ProductDetailViewModel.swift in Sources */ = {isa = PBXBuildFile; fileRef = 28B733FC292C260D00A4BEDC /* ProductDetailViewModel.swift */; };
		28B733FF292C325800A4BEDC /* ProductCoordinator.swift in Sources */ = {isa = PBXBuildFile; fileRef = 28B733FE292C325800A4BEDC /* ProductCoordinator.swift */; };
/* End PBXBuildFile section */

/* Begin PBXContainerItemProxy section */
		281CE70D292B85A200D64F42 /* PBXContainerItemProxy */ = {
			isa = PBXContainerItemProxy;
			containerPortal = 281CE6F4292B85A000D64F42 /* Project object */;
			proxyType = 1;
			remoteGlobalIDString = 281CE6FB292B85A000D64F42;
			remoteInfo = MatchesFashionTest;
		};
		281CE717292B85A200D64F42 /* PBXContainerItemProxy */ = {
			isa = PBXContainerItemProxy;
			containerPortal = 281CE6F4292B85A000D64F42 /* Project object */;
			proxyType = 1;
			remoteGlobalIDString = 281CE6FB292B85A000D64F42;
			remoteInfo = MatchesFashionTest;
		};
/* End PBXContainerItemProxy section */

/* Begin PBXFileReference section */
		281CE6FC292B85A000D64F42 /* MatchesFashionTest.app */ = {isa = PBXFileReference; explicitFileType = wrapper.application; includeInIndex = 0; path = MatchesFashionTest.app; sourceTree = BUILT_PRODUCTS_DIR; };
		281CE6FF292B85A000D64F42 /* MatchesFashionTestApp.swift */ = {isa = PBXFileReference; lastKnownFileType = sourcecode.swift; path = MatchesFashionTestApp.swift; sourceTree = "<group>"; };
		281CE701292B85A000D64F42 /* ProductsView.swift */ = {isa = PBXFileReference; lastKnownFileType = sourcecode.swift; path = ProductsView.swift; sourceTree = "<group>"; };
		281CE703292B85A200D64F42 /* Assets.xcassets */ = {isa = PBXFileReference; lastKnownFileType = folder.assetcatalog; path = Assets.xcassets; sourceTree = "<group>"; };
		281CE706292B85A200D64F42 /* Preview Assets.xcassets */ = {isa = PBXFileReference; lastKnownFileType = folder.assetcatalog; path = "Preview Assets.xcassets"; sourceTree = "<group>"; };
		281CE70C292B85A200D64F42 /* MatchesFashionTestTests.xctest */ = {isa = PBXFileReference; explicitFileType = wrapper.cfbundle; includeInIndex = 0; path = MatchesFashionTestTests.xctest; sourceTree = BUILT_PRODUCTS_DIR; };
		281CE710292B85A200D64F42 /* MatchesFashionTestJSONTests.swift */ = {isa = PBXFileReference; lastKnownFileType = sourcecode.swift; path = MatchesFashionTestJSONTests.swift; sourceTree = "<group>"; };
		281CE716292B85A200D64F42 /* MatchesFashionTestUITests.xctest */ = {isa = PBXFileReference; explicitFileType = wrapper.cfbundle; includeInIndex = 0; path = MatchesFashionTestUITests.xctest; sourceTree = BUILT_PRODUCTS_DIR; };
		281CE71A292B85A200D64F42 /* MatchesFashionTestUITests.swift */ = {isa = PBXFileReference; lastKnownFileType = sourcecode.swift; path = MatchesFashionTestUITests.swift; sourceTree = "<group>"; };
		281CE71C292B85A200D64F42 /* MatchesFashionTestUITestsLaunchTests.swift */ = {isa = PBXFileReference; lastKnownFileType = sourcecode.swift; path = MatchesFashionTestUITestsLaunchTests.swift; sourceTree = "<group>"; };
		281CE729292B85C600D64F42 /* Networking.swift */ = {isa = PBXFileReference; lastKnownFileType = sourcecode.swift; path = Networking.swift; sourceTree = "<group>"; };
		281CE72B292B874C00D64F42 /* NetworkingDataProcessor.swift */ = {isa = PBXFileReference; lastKnownFileType = sourcecode.swift; path = NetworkingDataProcessor.swift; sourceTree = "<group>"; };
		281CE72E292B8A5600D64F42 /* Product.swift */ = {isa = PBXFileReference; lastKnownFileType = sourcecode.swift; path = Product.swift; sourceTree = "<group>"; };
		281CE730292B8B3F00D64F42 /* TestData.swift */ = {isa = PBXFileReference; lastKnownFileType = sourcecode.swift; path = TestData.swift; sourceTree = "<group>"; };
		28B733F8292C0B3100A4BEDC /* ProductsViewModel.swift */ = {isa = PBXFileReference; lastKnownFileType = sourcecode.swift; path = ProductsViewModel.swift; sourceTree = "<group>"; };
		28B733FA292C255500A4BEDC /* ProductDetailView.swift */ = {isa = PBXFileReference; lastKnownFileType = sourcecode.swift; path = ProductDetailView.swift; sourceTree = "<group>"; };
		28B733FC292C260D00A4BEDC /* ProductDetailViewModel.swift */ = {isa = PBXFileReference; lastKnownFileType = sourcecode.swift; path = ProductDetailViewModel.swift; sourceTree = "<group>"; };
		28B733FE292C325800A4BEDC /* ProductCoordinator.swift */ = {isa = PBXFileReference; lastKnownFileType = sourcecode.swift; path = ProductCoordinator.swift; sourceTree = "<group>"; };
/* End PBXFileReference section */

/* Begin PBXFrameworksBuildPhase section */
		281CE6F9292B85A000D64F42 /* Frameworks */ = {
			isa = PBXFrameworksBuildPhase;
			buildActionMask = 2147483647;
			files = (
			);
			runOnlyForDeploymentPostprocessing = 0;
		};
		281CE709292B85A200D64F42 /* Frameworks */ = {
			isa = PBXFrameworksBuildPhase;
			buildActionMask = 2147483647;
			files = (
			);
			runOnlyForDeploymentPostprocessing = 0;
		};
		281CE713292B85A200D64F42 /* Frameworks */ = {
			isa = PBXFrameworksBuildPhase;
			buildActionMask = 2147483647;
			files = (
			);
			runOnlyForDeploymentPostprocessing = 0;
		};
/* End PBXFrameworksBuildPhase section */

/* Begin PBXGroup section */
		281CE6F3292B85A000D64F42 = {
			isa = PBXGroup;
			children = (
				281CE6FE292B85A000D64F42 /* MatchesFashionTest */,
				281CE70F292B85A200D64F42 /* MatchesFashionTestTests */,
				281CE719292B85A200D64F42 /* MatchesFashionTestUITests */,
				281CE6FD292B85A000D64F42 /* Products */,
			);
			sourceTree = "<group>";
		};
		281CE6FD292B85A000D64F42 /* Products */ = {
			isa = PBXGroup;
			children = (
				281CE6FC292B85A000D64F42 /* MatchesFashionTest.app */,
				281CE70C292B85A200D64F42 /* MatchesFashionTestTests.xctest */,
				281CE716292B85A200D64F42 /* MatchesFashionTestUITests.xctest */,
			);
			name = Products;
			sourceTree = "<group>";
		};
		281CE6FE292B85A000D64F42 /* MatchesFashionTest */ = {
			isa = PBXGroup;
			children = (
				281CE6FF292B85A000D64F42 /* MatchesFashionTestApp.swift */,
				281CE701292B85A000D64F42 /* ProductsView.swift */,
				28B733FA292C255500A4BEDC /* ProductDetailView.swift */,
				28B733FC292C260D00A4BEDC /* ProductDetailViewModel.swift */,
				28B733F8292C0B3100A4BEDC /* ProductsViewModel.swift */,
				28B733FE292C325800A4BEDC /* ProductCoordinator.swift */,
				281CE703292B85A200D64F42 /* Assets.xcassets */,
				281CE705292B85A200D64F42 /* Preview Content */,
				28B733F5292BF35E00A4BEDC /* Networking */,
				281CE72D292B8A3C00D64F42 /* DataModel */,
			);
			path = MatchesFashionTest;
			sourceTree = "<group>";
		};
		281CE705292B85A200D64F42 /* Preview Content */ = {
			isa = PBXGroup;
			children = (
				281CE706292B85A200D64F42 /* Preview Assets.xcassets */,
			);
			path = "Preview Content";
			sourceTree = "<group>";
		};
		281CE70F292B85A200D64F42 /* MatchesFashionTestTests */ = {
			isa = PBXGroup;
			children = (
				281CE710292B85A200D64F42 /* MatchesFashionTestJSONTests.swift */,
				281CE730292B8B3F00D64F42 /* TestData.swift */,
			);
			path = MatchesFashionTestTests;
			sourceTree = "<group>";
		};
		281CE719292B85A200D64F42 /* MatchesFashionTestUITests */ = {
			isa = PBXGroup;
			children = (
				281CE71A292B85A200D64F42 /* MatchesFashionTestUITests.swift */,
				281CE71C292B85A200D64F42 /* MatchesFashionTestUITestsLaunchTests.swift */,
			);
			path = MatchesFashionTestUITests;
			sourceTree = "<group>";
		};
		281CE72D292B8A3C00D64F42 /* DataModel */ = {
			isa = PBXGroup;
			children = (
				281CE72E292B8A5600D64F42 /* Product.swift */,
			);
			path = DataModel;
			sourceTree = "<group>";
		};
		28B733F5292BF35E00A4BEDC /* Networking */ = {
			isa = PBXGroup;
			children = (
				281CE729292B85C600D64F42 /* Networking.swift */,
				281CE72B292B874C00D64F42 /* NetworkingDataProcessor.swift */,
			);
			path = Networking;
			sourceTree = "<group>";
		};
/* End PBXGroup section */

/* Begin PBXNativeTarget section */
		281CE6FB292B85A000D64F42 /* MatchesFashionTest */ = {
			isa = PBXNativeTarget;
			buildConfigurationList = 281CE720292B85A200D64F42 /* Build configuration list for PBXNativeTarget "MatchesFashionTest" */;
			buildPhases = (
				281CE6F8292B85A000D64F42 /* Sources */,
				281CE6F9292B85A000D64F42 /* Frameworks */,
				281CE6FA292B85A000D64F42 /* Resources */,
			);
			buildRules = (
			);
			dependencies = (
			);
			name = MatchesFashionTest;
			productName = MatchesFashionTest;
			productReference = 281CE6FC292B85A000D64F42 /* MatchesFashionTest.app */;
			productType = "com.apple.product-type.application";
		};
		281CE70B292B85A200D64F42 /* MatchesFashionTestTests */ = {
			isa = PBXNativeTarget;
			buildConfigurationList = 281CE723292B85A200D64F42 /* Build configuration list for PBXNativeTarget "MatchesFashionTestTests" */;
			buildPhases = (
				281CE708292B85A200D64F42 /* Sources */,
				281CE709292B85A200D64F42 /* Frameworks */,
				281CE70A292B85A200D64F42 /* Resources */,
			);
			buildRules = (
			);
			dependencies = (
				281CE70E292B85A200D64F42 /* PBXTargetDependency */,
			);
			name = MatchesFashionTestTests;
			productName = MatchesFashionTestTests;
			productReference = 281CE70C292B85A200D64F42 /* MatchesFashionTestTests.xctest */;
			productType = "com.apple.product-type.bundle.unit-test";
		};
		281CE715292B85A200D64F42 /* MatchesFashionTestUITests */ = {
			isa = PBXNativeTarget;
			buildConfigurationList = 281CE726292B85A200D64F42 /* Build configuration list for PBXNativeTarget "MatchesFashionTestUITests" */;
			buildPhases = (
				281CE712292B85A200D64F42 /* Sources */,
				281CE713292B85A200D64F42 /* Frameworks */,
				281CE714292B85A200D64F42 /* Resources */,
			);
			buildRules = (
			);
			dependencies = (
				281CE718292B85A200D64F42 /* PBXTargetDependency */,
			);
			name = MatchesFashionTestUITests;
			productName = MatchesFashionTestUITests;
			productReference = 281CE716292B85A200D64F42 /* MatchesFashionTestUITests.xctest */;
			productType = "com.apple.product-type.bundle.ui-testing";
		};
/* End PBXNativeTarget section */

/* Begin PBXProject section */
		281CE6F4292B85A000D64F42 /* Project object */ = {
			isa = PBXProject;
			attributes = {
				BuildIndependentTargetsInParallel = 1;
				LastSwiftUpdateCheck = 1410;
				LastUpgradeCheck = 1410;
				TargetAttributes = {
					281CE6FB292B85A000D64F42 = {
						CreatedOnToolsVersion = 14.1;
					};
					281CE70B292B85A200D64F42 = {
						CreatedOnToolsVersion = 14.1;
						TestTargetID = 281CE6FB292B85A000D64F42;
					};
					281CE715292B85A200D64F42 = {
						CreatedOnToolsVersion = 14.1;
						TestTargetID = 281CE6FB292B85A000D64F42;
					};
				};
			};
			buildConfigurationList = 281CE6F7292B85A000D64F42 /* Build configuration list for PBXProject "MatchesFashionTest" */;
			compatibilityVersion = "Xcode 13.0";
			developmentRegion = en;
			hasScannedForEncodings = 0;
			knownRegions = (
				en,
				Base,
			);
			mainGroup = 281CE6F3292B85A000D64F42;
			productRefGroup = 281CE6FD292B85A000D64F42 /* Products */;
			projectDirPath = "";
			projectRoot = "";
			targets = (
				281CE6FB292B85A000D64F42 /* MatchesFashionTest */,
				281CE70B292B85A200D64F42 /* MatchesFashionTestTests */,
				281CE715292B85A200D64F42 /* MatchesFashionTestUITests */,
			);
		};
/* End PBXProject section */

/* Begin PBXResourcesBuildPhase section */
		281CE6FA292B85A000D64F42 /* Resources */ = {
			isa = PBXResourcesBuildPhase;
			buildActionMask = 2147483647;
			files = (
				281CE707292B85A200D64F42 /* Preview Assets.xcassets in Resources */,
				281CE704292B85A200D64F42 /* Assets.xcassets in Resources */,
			);
			runOnlyForDeploymentPostprocessing = 0;
		};
		281CE70A292B85A200D64F42 /* Resources */ = {
			isa = PBXResourcesBuildPhase;
			buildActionMask = 2147483647;
			files = (
			);
			runOnlyForDeploymentPostprocessing = 0;
		};
		281CE714292B85A200D64F42 /* Resources */ = {
			isa = PBXResourcesBuildPhase;
			buildActionMask = 2147483647;
			files = (
			);
			runOnlyForDeploymentPostprocessing = 0;
		};
/* End PBXResourcesBuildPhase section */

/* Begin PBXSourcesBuildPhase section */
		281CE6F8292B85A000D64F42 /* Sources */ = {
			isa = PBXSourcesBuildPhase;
			buildActionMask = 2147483647;
			files = (
				28B733F9292C0B3100A4BEDC /* ProductsViewModel.swift in Sources */,
				28B733FB292C255500A4BEDC /* ProductDetailView.swift in Sources */,
				28B733FF292C325800A4BEDC /* ProductCoordinator.swift in Sources */,
				281CE72A292B85C700D64F42 /* Networking.swift in Sources */,
				281CE702292B85A000D64F42 /* ProductsView.swift in Sources */,
				281CE72C292B874C00D64F42 /* NetworkingDataProcessor.swift in Sources */,
				281CE72F292B8A5600D64F42 /* Product.swift in Sources */,
				281CE700292B85A000D64F42 /* MatchesFashionTestApp.swift in Sources */,
				28B733FD292C260D00A4BEDC /* ProductDetailViewModel.swift in Sources */,
			);
			runOnlyForDeploymentPostprocessing = 0;
		};
		281CE708292B85A200D64F42 /* Sources */ = {
			isa = PBXSourcesBuildPhase;
			buildActionMask = 2147483647;
			files = (
				281CE711292B85A200D64F42 /* MatchesFashionTestJSONTests.swift in Sources */,
				281CE731292B8B3F00D64F42 /* TestData.swift in Sources */,
			);
			runOnlyForDeploymentPostprocessing = 0;
		};
		281CE712292B85A200D64F42 /* Sources */ = {
			isa = PBXSourcesBuildPhase;
			buildActionMask = 2147483647;
			files = (
				281CE71B292B85A200D64F42 /* MatchesFashionTestUITests.swift in Sources */,
				281CE71D292B85A200D64F42 /* MatchesFashionTestUITestsLaunchTests.swift in Sources */,
			);
			runOnlyForDeploymentPostprocessing = 0;
		};
/* End PBXSourcesBuildPhase section */

/* Begin PBXTargetDependency section */
		281CE70E292B85A200D64F42 /* PBXTargetDependency */ = {
			isa = PBXTargetDependency;
			target = 281CE6FB292B85A000D64F42 /* MatchesFashionTest */;
			targetProxy = 281CE70D292B85A200D64F42 /* PBXContainerItemProxy */;
		};
		281CE718292B85A200D64F42 /* PBXTargetDependency */ = {
			isa = PBXTargetDependency;
			target = 281CE6FB292B85A000D64F42 /* MatchesFashionTest */;
			targetProxy = 281CE717292B85A200D64F42 /* PBXContainerItemProxy */;
		};
/* End PBXTargetDependency section */

/* Begin XCBuildConfiguration section */
		281CE71E292B85A200D64F42 /* Debug */ = {
			isa = XCBuildConfiguration;
			buildSettings = {
				ALWAYS_SEARCH_USER_PATHS = NO;
				CLANG_ANALYZER_NONNULL = YES;
				CLANG_ANALYZER_NUMBER_OBJECT_CONVERSION = YES_AGGRESSIVE;
				CLANG_CXX_LANGUAGE_STANDARD = "gnu++20";
				CLANG_ENABLE_MODULES = YES;
				CLANG_ENABLE_OBJC_ARC = YES;
				CLANG_ENABLE_OBJC_WEAK = YES;
				CLANG_WARN_BLOCK_CAPTURE_AUTORELEASING = YES;
				CLANG_WARN_BOOL_CONVERSION = YES;
				CLANG_WARN_COMMA = YES;
				CLANG_WARN_CONSTANT_CONVERSION = YES;
				CLANG_WARN_DEPRECATED_OBJC_IMPLEMENTATIONS = YES;
				CLANG_WARN_DIRECT_OBJC_ISA_USAGE = YES_ERROR;
				CLANG_WARN_DOCUMENTATION_COMMENTS = YES;
				CLANG_WARN_EMPTY_BODY = YES;
				CLANG_WARN_ENUM_CONVERSION = YES;
				CLANG_WARN_INFINITE_RECURSION = YES;
				CLANG_WARN_INT_CONVERSION = YES;
				CLANG_WARN_NON_LITERAL_NULL_CONVERSION = YES;
				CLANG_WARN_OBJC_IMPLICIT_RETAIN_SELF = YES;
				CLANG_WARN_OBJC_LITERAL_CONVERSION = YES;
				CLANG_WARN_OBJC_ROOT_CLASS = YES_ERROR;
				CLANG_WARN_QUOTED_INCLUDE_IN_FRAMEWORK_HEADER = YES;
				CLANG_WARN_RANGE_LOOP_ANALYSIS = YES;
				CLANG_WARN_STRICT_PROTOTYPES = YES;
				CLANG_WARN_SUSPICIOUS_MOVE = YES;
				CLANG_WARN_UNGUARDED_AVAILABILITY = YES_AGGRESSIVE;
				CLANG_WARN_UNREACHABLE_CODE = YES;
				CLANG_WARN__DUPLICATE_METHOD_MATCH = YES;
				COPY_PHASE_STRIP = NO;
				DEBUG_INFORMATION_FORMAT = dwarf;
				ENABLE_STRICT_OBJC_MSGSEND = YES;
				ENABLE_TESTABILITY = YES;
				GCC_C_LANGUAGE_STANDARD = gnu11;
				GCC_DYNAMIC_NO_PIC = NO;
				GCC_NO_COMMON_BLOCKS = YES;
				GCC_OPTIMIZATION_LEVEL = 0;
				GCC_PREPROCESSOR_DEFINITIONS = (
					"DEBUG=1",
					"$(inherited)",
				);
				GCC_WARN_64_TO_32_BIT_CONVERSION = YES;
				GCC_WARN_ABOUT_RETURN_TYPE = YES_ERROR;
				GCC_WARN_UNDECLARED_SELECTOR = YES;
				GCC_WARN_UNINITIALIZED_AUTOS = YES_AGGRESSIVE;
				GCC_WARN_UNUSED_FUNCTION = YES;
				GCC_WARN_UNUSED_VARIABLE = YES;
				IPHONEOS_DEPLOYMENT_TARGET = 16.1;
				MTL_ENABLE_DEBUG_INFO = INCLUDE_SOURCE;
				MTL_FAST_MATH = YES;
				ONLY_ACTIVE_ARCH = YES;
				SDKROOT = iphoneos;
				SWIFT_ACTIVE_COMPILATION_CONDITIONS = DEBUG;
				SWIFT_OPTIMIZATION_LEVEL = "-Onone";
			};
			name = Debug;
		};
		281CE71F292B85A200D64F42 /* Release */ = {
			isa = XCBuildConfiguration;
			buildSettings = {
				ALWAYS_SEARCH_USER_PATHS = NO;
				CLANG_ANALYZER_NONNULL = YES;
				CLANG_ANALYZER_NUMBER_OBJECT_CONVERSION = YES_AGGRESSIVE;
				CLANG_CXX_LANGUAGE_STANDARD = "gnu++20";
				CLANG_ENABLE_MODULES = YES;
				CLANG_ENABLE_OBJC_ARC = YES;
				CLANG_ENABLE_OBJC_WEAK = YES;
				CLANG_WARN_BLOCK_CAPTURE_AUTORELEASING = YES;
				CLANG_WARN_BOOL_CONVERSION = YES;
				CLANG_WARN_COMMA = YES;
				CLANG_WARN_CONSTANT_CONVERSION = YES;
				CLANG_WARN_DEPRECATED_OBJC_IMPLEMENTATIONS = YES;
				CLANG_WARN_DIRECT_OBJC_ISA_USAGE = YES_ERROR;
				CLANG_WARN_DOCUMENTATION_COMMENTS = YES;
				CLANG_WARN_EMPTY_BODY = YES;
				CLANG_WARN_ENUM_CONVERSION = YES;
				CLANG_WARN_INFINITE_RECURSION = YES;
				CLANG_WARN_INT_CONVERSION = YES;
				CLANG_WARN_NON_LITERAL_NULL_CONVERSION = YES;
				CLANG_WARN_OBJC_IMPLICIT_RETAIN_SELF = YES;
				CLANG_WARN_OBJC_LITERAL_CONVERSION = YES;
				CLANG_WARN_OBJC_ROOT_CLASS = YES_ERROR;
				CLANG_WARN_QUOTED_INCLUDE_IN_FRAMEWORK_HEADER = YES;
				CLANG_WARN_RANGE_LOOP_ANALYSIS = YES;
				CLANG_WARN_STRICT_PROTOTYPES = YES;
				CLANG_WARN_SUSPICIOUS_MOVE = YES;
				CLANG_WARN_UNGUARDED_AVAILABILITY = YES_AGGRESSIVE;
				CLANG_WARN_UNREACHABLE_CODE = YES;
				CLANG_WARN__DUPLICATE_METHOD_MATCH = YES;
				COPY_PHASE_STRIP = NO;
				DEBUG_INFORMATION_FORMAT = "dwarf-with-dsym";
				ENABLE_NS_ASSERTIONS = NO;
				ENABLE_STRICT_OBJC_MSGSEND = YES;
				GCC_C_LANGUAGE_STANDARD = gnu11;
				GCC_NO_COMMON_BLOCKS = YES;
				GCC_WARN_64_TO_32_BIT_CONVERSION = YES;
				GCC_WARN_ABOUT_RETURN_TYPE = YES_ERROR;
				GCC_WARN_UNDECLARED_SELECTOR = YES;
				GCC_WARN_UNINITIALIZED_AUTOS = YES_AGGRESSIVE;
				GCC_WARN_UNUSED_FUNCTION = YES;
				GCC_WARN_UNUSED_VARIABLE = YES;
				IPHONEOS_DEPLOYMENT_TARGET = 16.1;
				MTL_ENABLE_DEBUG_INFO = NO;
				MTL_FAST_MATH = YES;
				SDKROOT = iphoneos;
				SWIFT_COMPILATION_MODE = wholemodule;
				SWIFT_OPTIMIZATION_LEVEL = "-O";
				VALIDATE_PRODUCT = YES;
			};
			name = Release;
		};
		281CE721292B85A200D64F42 /* Debug */ = {
			isa = XCBuildConfiguration;
			buildSettings = {
				ASSETCATALOG_COMPILER_APPICON_NAME = AppIcon;
				ASSETCATALOG_COMPILER_GLOBAL_ACCENT_COLOR_NAME = AccentColor;
				CODE_SIGN_STYLE = Automatic;
				CURRENT_PROJECT_VERSION = 1;
				DEVELOPMENT_ASSET_PATHS = "\"MatchesFashionTest/Preview Content\"";
				DEVELOPMENT_TEAM = 2MNJFCF34J;
				ENABLE_PREVIEWS = YES;
				GENERATE_INFOPLIST_FILE = YES;
				INFOPLIST_KEY_UIApplicationSceneManifest_Generation = YES;
				INFOPLIST_KEY_UIApplicationSupportsIndirectInputEvents = YES;
				INFOPLIST_KEY_UILaunchScreen_Generation = YES;
				INFOPLIST_KEY_UISupportedInterfaceOrientations_iPad = "UIInterfaceOrientationPortrait UIInterfaceOrientationPortraitUpsideDown UIInterfaceOrientationLandscapeLeft UIInterfaceOrientationLandscapeRight";
				INFOPLIST_KEY_UISupportedInterfaceOrientations_iPhone = "UIInterfaceOrientationPortrait UIInterfaceOrientationLandscapeLeft UIInterfaceOrientationLandscapeRight";
				LD_RUNPATH_SEARCH_PATHS = (
					"$(inherited)",
					"@executable_path/Frameworks",
				);
				MARKETING_VERSION = 1.0;
				PRODUCT_BUNDLE_IDENTIFIER = com.alessandropistocchi.MatchesFashionTest;
				PRODUCT_NAME = "$(TARGET_NAME)";
				SWIFT_EMIT_LOC_STRINGS = YES;
				SWIFT_VERSION = 5.0;
				TARGETED_DEVICE_FAMILY = "1,2";
			};
			name = Debug;
		};
		281CE722292B85A200D64F42 /* Release */ = {
			isa = XCBuildConfiguration;
			buildSettings = {
				ASSETCATALOG_COMPILER_APPICON_NAME = AppIcon;
				ASSETCATALOG_COMPILER_GLOBAL_ACCENT_COLOR_NAME = AccentColor;
				CODE_SIGN_STYLE = Automatic;
				CURRENT_PROJECT_VERSION = 1;
				DEVELOPMENT_ASSET_PATHS = "\"MatchesFashionTest/Preview Content\"";
				DEVELOPMENT_TEAM = 2MNJFCF34J;
				ENABLE_PREVIEWS = YES;
				GENERATE_INFOPLIST_FILE = YES;
				INFOPLIST_KEY_UIApplicationSceneManifest_Generation = YES;
				INFOPLIST_KEY_UIApplicationSupportsIndirectInputEvents = YES;
				INFOPLIST_KEY_UILaunchScreen_Generation = YES;
				INFOPLIST_KEY_UISupportedInterfaceOrientations_iPad = "UIInterfaceOrientationPortrait UIInterfaceOrientationPortraitUpsideDown UIInterfaceOrientationLandscapeLeft UIInterfaceOrientationLandscapeRight";
				INFOPLIST_KEY_UISupportedInterfaceOrientations_iPhone = "UIInterfaceOrientationPortrait UIInterfaceOrientationLandscapeLeft UIInterfaceOrientationLandscapeRight";
				LD_RUNPATH_SEARCH_PATHS = (
					"$(inherited)",
					"@executable_path/Frameworks",
				);
				MARKETING_VERSION = 1.0;
				PRODUCT_BUNDLE_IDENTIFIER = com.alessandropistocchi.MatchesFashionTest;
				PRODUCT_NAME = "$(TARGET_NAME)";
				SWIFT_EMIT_LOC_STRINGS = YES;
				SWIFT_VERSION = 5.0;
				TARGETED_DEVICE_FAMILY = "1,2";
			};
			name = Release;
		};
		281CE724292B85A200D64F42 /* Debug */ = {
			isa = XCBuildConfiguration;
			buildSettings = {
				ALWAYS_EMBED_SWIFT_STANDARD_LIBRARIES = YES;
				BUNDLE_LOADER = "$(TEST_HOST)";
				CODE_SIGN_STYLE = Automatic;
				CURRENT_PROJECT_VERSION = 1;
				DEVELOPMENT_TEAM = 2MNJFCF34J;
				GENERATE_INFOPLIST_FILE = YES;
				IPHONEOS_DEPLOYMENT_TARGET = 16.1;
				MARKETING_VERSION = 1.0;
				PRODUCT_BUNDLE_IDENTIFIER = com.alessandropistocchi.MatchesFashionTestTests;
				PRODUCT_NAME = "$(TARGET_NAME)";
				SWIFT_EMIT_LOC_STRINGS = NO;
				SWIFT_VERSION = 5.0;
				TARGETED_DEVICE_FAMILY = "1,2";
				TEST_HOST = "$(BUILT_PRODUCTS_DIR)/MatchesFashionTest.app/$(BUNDLE_EXECUTABLE_FOLDER_PATH)/MatchesFashionTest";
			};
			name = Debug;
		};
		281CE725292B85A200D64F42 /* Release */ = {
			isa = XCBuildConfiguration;
			buildSettings = {
				ALWAYS_EMBED_SWIFT_STANDARD_LIBRARIES = YES;
				BUNDLE_LOADER = "$(TEST_HOST)";
				CODE_SIGN_STYLE = Automatic;
				CURRENT_PROJECT_VERSION = 1;
				DEVELOPMENT_TEAM = 2MNJFCF34J;
				GENERATE_INFOPLIST_FILE = YES;
				IPHONEOS_DEPLOYMENT_TARGET = 16.1;
				MARKETING_VERSION = 1.0;
				PRODUCT_BUNDLE_IDENTIFIER = com.alessandropistocchi.MatchesFashionTestTests;
				PRODUCT_NAME = "$(TARGET_NAME)";
				SWIFT_EMIT_LOC_STRINGS = NO;
				SWIFT_VERSION = 5.0;
				TARGETED_DEVICE_FAMILY = "1,2";
				TEST_HOST = "$(BUILT_PRODUCTS_DIR)/MatchesFashionTest.app/$(BUNDLE_EXECUTABLE_FOLDER_PATH)/MatchesFashionTest";
			};
			name = Release;
		};
		281CE727292B85A200D64F42 /* Debug */ = {
			isa = XCBuildConfiguration;
			buildSettings = {
				ALWAYS_EMBED_SWIFT_STANDARD_LIBRARIES = YES;
				CODE_SIGN_STYLE = Automatic;
				CURRENT_PROJECT_VERSION = 1;
				DEVELOPMENT_TEAM = 2MNJFCF34J;
				GENERATE_INFOPLIST_FILE = YES;
				MARKETING_VERSION = 1.0;
				PRODUCT_BUNDLE_IDENTIFIER = com.alessandropistocchi.MatchesFashionTestUITests;
				PRODUCT_NAME = "$(TARGET_NAME)";
				SWIFT_EMIT_LOC_STRINGS = NO;
				SWIFT_VERSION = 5.0;
				TARGETED_DEVICE_FAMILY = "1,2";
				TEST_TARGET_NAME = MatchesFashionTest;
			};
			name = Debug;
		};
		281CE728292B85A200D64F42 /* Release */ = {
			isa = XCBuildConfiguration;
			buildSettings = {
				ALWAYS_EMBED_SWIFT_STANDARD_LIBRARIES = YES;
				CODE_SIGN_STYLE = Automatic;
				CURRENT_PROJECT_VERSION = 1;
				DEVELOPMENT_TEAM = 2MNJFCF34J;
				GENERATE_INFOPLIST_FILE = YES;
				MARKETING_VERSION = 1.0;
				PRODUCT_BUNDLE_IDENTIFIER = com.alessandropistocchi.MatchesFashionTestUITests;
				PRODUCT_NAME = "$(TARGET_NAME)";
				SWIFT_EMIT_LOC_STRINGS = NO;
				SWIFT_VERSION = 5.0;
				TARGETED_DEVICE_FAMILY = "1,2";
				TEST_TARGET_NAME = MatchesFashionTest;
			};
			name = Release;
		};
/* End XCBuildConfiguration section */

/* Begin XCConfigurationList section */
		281CE6F7292B85A000D64F42 /* Build configuration list for PBXProject "MatchesFashionTest" */ = {
			isa = XCConfigurationList;
			buildConfigurations = (
				281CE71E292B85A200D64F42 /* Debug */,
				281CE71F292B85A200D64F42 /* Release */,
			);
			defaultConfigurationIsVisible = 0;
			defaultConfigurationName = Release;
		};
		281CE720292B85A200D64F42 /* Build configuration list for PBXNativeTarget "MatchesFashionTest" */ = {
			isa = XCConfigurationList;
			buildConfigurations = (
				281CE721292B85A200D64F42 /* Debug */,
				281CE722292B85A200D64F42 /* Release */,
			);
			defaultConfigurationIsVisible = 0;
			defaultConfigurationName = Release;
		};
		281CE723292B85A200D64F42 /* Build configuration list for PBXNativeTarget "MatchesFashionTestTests" */ = {
			isa = XCConfigurationList;
			buildConfigurations = (
				281CE724292B85A200D64F42 /* Debug */,
				281CE725292B85A200D64F42 /* Release */,
			);
			defaultConfigurationIsVisible = 0;
			defaultConfigurationName = Release;
		};
		281CE726292B85A200D64F42 /* Build configuration list for PBXNativeTarget "MatchesFashionTestUITests" */ = {
			isa = XCConfigurationList;
			buildConfigurations = (
				281CE727292B85A200D64F42 /* Debug */,
				281CE728292B85A200D64F42 /* Release */,
			);
			defaultConfigurationIsVisible = 0;
			defaultConfigurationName = Release;
		};
/* End XCConfigurationList section */
	};
	rootObject = 281CE6F4292B85A000D64F42 /* Project object */;
}
